
Microsoft Visual Studio Solution File, Format Version 12.00
# Visual Studio Version 17
VisualStudioVersion = 17.13.35818.85 d17.13
MinimumVisualStudioVersion = 10.0.40219.1
Project("{FAE04EC0-301F-11D3-BF4B-00C04F79EFBC}") = "modul6_103022300069", "modul6_103022300069\modul6_103022300069.csproj", "{F116B519-D253-44C6-86DF-1A7B0C81C092}"
EndProject
Global
	GlobalSection(SolutionConfigurationPlatforms) = preSolution
		Debug|Any CPU = Debug|Any CPU
		Release|Any CPU = Release|Any CPU
	EndGlobalSection
	GlobalSection(ProjectConfigurationPlatforms) = postSolution
		{F116B519-D253-44C6-86DF-1A7B0C81C092}.Debug|Any CPU.ActiveCfg = Debug|Any CPU
		{F116B519-D253-44C6-86DF-1A7B0C81C092}.Debug|Any CPU.Build.0 = Debug|Any CPU
		{F116B519-D253-44C6-86DF-1A7B0C81C092}.Release|Any CPU.ActiveCfg = Release|Any CPU
		{F116B519-D253-44C6-86DF-1A7B0C81C092}.Release|Any CPU.Build.0 = Release|Any CPU
	EndGlobalSection
	GlobalSection(SolutionProperties) = preSolution
		HideSolutionNode = FALSE
	EndGlobalSection
	GlobalSection(ExtensibilityGlobals) = postSolution
		SolutionGuid = {066E37F0-7E72-4BBB-82AD-D7529106EF24}
	EndGlobalSection
EndGlobal
